
Microsoft Visual Studio Solution File, Format Version 12.00
# Visual Studio 14
VisualStudioVersion = 14.0.25420.1
MinimumVisualStudioVersion = 10.0.40219.1
Project("{FAE04EC0-301F-11D3-BF4B-00C04F79EFBC}") = "SPAApplication", "SPAApplication.csproj", "{A252D63C-FAAA-4CDE-865D-367B6A48CD8C}"
EndProject
Project("{FAE04EC0-301F-11D3-BF4B-00C04F79EFBC}") = "SignalRLibrary", "..\SignalRLibrary\SignalRLibrary.csproj", "{DA0CBA4E-FF42-4AAA-B03F-EAB6E1D477F1}"
EndProject
Global
	GlobalSection(SolutionConfigurationPlatforms) = preSolution
		Debug|Any CPU = Debug|Any CPU
		Release|Any CPU = Release|Any CPU
	EndGlobalSection
	GlobalSection(ProjectConfigurationPlatforms) = postSolution
		{A252D63C-FAAA-4CDE-865D-367B6A48CD8C}.Debug|Any CPU.ActiveCfg = Debug|Any CPU
		{A252D63C-FAAA-4CDE-865D-367B6A48CD8C}.Debug|Any CPU.Build.0 = Debug|Any CPU
		{A252D63C-FAAA-4CDE-865D-367B6A48CD8C}.Release|Any CPU.ActiveCfg = Release|Any CPU
		{A252D63C-FAAA-4CDE-865D-367B6A48CD8C}.Release|Any CPU.Build.0 = Release|Any CPU
		{DA0CBA4E-FF42-4AAA-B03F-EAB6E1D477F1}.Debug|Any CPU.ActiveCfg = Debug|Any CPU
		{DA0CBA4E-FF42-4AAA-B03F-EAB6E1D477F1}.Debug|Any CPU.Build.0 = Debug|Any CPU
		{DA0CBA4E-FF42-4AAA-B03F-EAB6E1D477F1}.Release|Any CPU.ActiveCfg = Release|Any CPU
		{DA0CBA4E-FF42-4AAA-B03F-EAB6E1D477F1}.Release|Any CPU.Build.0 = Release|Any CPU
	EndGlobalSection
	GlobalSection(SolutionProperties) = preSolution
		HideSolutionNode = FALSE
	EndGlobalSection
EndGlobal
